
Microsoft Visual Studio Solution File, Format Version 12.00
# Visual Studio Version 17
VisualStudioVersion = 17.4.33110.190
MinimumVisualStudioVersion = 10.0.40219.1
Project("{FAE04EC0-301F-11D3-BF4B-00C04F79EFBC}") = "UC2", "UC2.csproj", "{CFD06606-6656-486E-8B18-0B4BE157EDD6}"
EndProject
Global
	GlobalSection(SolutionConfigurationPlatforms) = preSolution
		Debug|Any CPU = Debug|Any CPU
		Release|Any CPU = Release|Any CPU
	EndGlobalSection
	GlobalSection(ProjectConfigurationPlatforms) = postSolution
		{CFD06606-6656-486E-8B18-0B4BE157EDD6}.Debug|Any CPU.ActiveCfg = Debug|Any CPU
		{CFD06606-6656-486E-8B18-0B4BE157EDD6}.Debug|Any CPU.Build.0 = Debug|Any CPU
		{CFD06606-6656-486E-8B18-0B4BE157EDD6}.Release|Any CPU.ActiveCfg = Release|Any CPU
		{CFD06606-6656-486E-8B18-0B4BE157EDD6}.Release|Any CPU.Build.0 = Release|Any CPU
	EndGlobalSection
	GlobalSection(SolutionProperties) = preSolution
		HideSolutionNode = FALSE
	EndGlobalSection
	GlobalSection(ExtensibilityGlobals) = postSolution
		SolutionGuid = {19F87F67-A394-431B-A126-254F66E1D766}
	EndGlobalSection
EndGlobal
