
Microsoft Visual Studio Solution File, Format Version 12.00
# Visual Studio Version 17
VisualStudioVersion = 17.4.33110.190
MinimumVisualStudioVersion = 10.0.40219.1
Project("{FAE04EC0-301F-11D3-BF4B-00C04F79EFBC}") = "UC7", "UC7.csproj", "{9B9AACA8-76CE-4FAE-A367-60C7CD982C11}"
EndProject
Global
	GlobalSection(SolutionConfigurationPlatforms) = preSolution
		Debug|Any CPU = Debug|Any CPU
		Release|Any CPU = Release|Any CPU
	EndGlobalSection
	GlobalSection(ProjectConfigurationPlatforms) = postSolution
		{9B9AACA8-76CE-4FAE-A367-60C7CD982C11}.Debug|Any CPU.ActiveCfg = Debug|Any CPU
		{9B9AACA8-76CE-4FAE-A367-60C7CD982C11}.Debug|Any CPU.Build.0 = Debug|Any CPU
		{9B9AACA8-76CE-4FAE-A367-60C7CD982C11}.Release|Any CPU.ActiveCfg = Release|Any CPU
		{9B9AACA8-76CE-4FAE-A367-60C7CD982C11}.Release|Any CPU.Build.0 = Release|Any CPU
	EndGlobalSection
	GlobalSection(SolutionProperties) = preSolution
		HideSolutionNode = FALSE
	EndGlobalSection
	GlobalSection(ExtensibilityGlobals) = postSolution
		SolutionGuid = {CCF9886F-BA26-4233-AAA2-20C5B0FB05C1}
	EndGlobalSection
EndGlobal
