
Microsoft Visual Studio Solution File, Format Version 12.00
# Visual Studio Version 17
VisualStudioVersion = 17.4.33110.190
MinimumVisualStudioVersion = 10.0.40219.1
Project("{FAE04EC0-301F-11D3-BF4B-00C04F79EFBC}") = "UC1", "UC1.csproj", "{69B75B30-4656-4693-A6A0-47A266D51B4C}"
EndProject
Global
	GlobalSection(SolutionConfigurationPlatforms) = preSolution
		Debug|Any CPU = Debug|Any CPU
		Release|Any CPU = Release|Any CPU
	EndGlobalSection
	GlobalSection(ProjectConfigurationPlatforms) = postSolution
		{69B75B30-4656-4693-A6A0-47A266D51B4C}.Debug|Any CPU.ActiveCfg = Debug|Any CPU
		{69B75B30-4656-4693-A6A0-47A266D51B4C}.Debug|Any CPU.Build.0 = Debug|Any CPU
		{69B75B30-4656-4693-A6A0-47A266D51B4C}.Release|Any CPU.ActiveCfg = Release|Any CPU
		{69B75B30-4656-4693-A6A0-47A266D51B4C}.Release|Any CPU.Build.0 = Release|Any CPU
	EndGlobalSection
	GlobalSection(SolutionProperties) = preSolution
		HideSolutionNode = FALSE
	EndGlobalSection
	GlobalSection(ExtensibilityGlobals) = postSolution
		SolutionGuid = {B1D0ACB5-9A49-4F44-85E0-4B4AE0236412}
	EndGlobalSection
EndGlobal
